// !$*UTF8*$!
{
	archiveVersion = 1;
	classes = {
	};
	objectVersion = 63;
	objects = {

/* Begin PBXBuildFile section */
		1C04FF692BB5AA0C0052B129 /* MainViewController.swift in Sources */ = {isa = PBXBuildFile; fileRef = 1C04FF682BB5AA0C0052B129 /* MainViewController.swift */; };
		1C69450F2BB0754D008EEB38 /* BaseViewController.swift in Sources */ = {isa = PBXBuildFile; fileRef = 1C69450E2BB0754D008EEB38 /* BaseViewController.swift */; };
		1C6945112BB07A38008EEB38 /* ObservableKeyboardViewController.swift in Sources */ = {isa = PBXBuildFile; fileRef = 1C6945102BB07A38008EEB38 /* ObservableKeyboardViewController.swift */; };
		1C6945132BB07F7D008EEB38 /* BaseCollectionViewCell.swift in Sources */ = {isa = PBXBuildFile; fileRef = 1C6945122BB07F7D008EEB38 /* BaseCollectionViewCell.swift */; };
		1C6945152BB083DC008EEB38 /* NavigationBarViewController.swift in Sources */ = {isa = PBXBuildFile; fileRef = 1C6945142BB083DC008EEB38 /* NavigationBarViewController.swift */; };
		1C6945202BB09705008EEB38 /* UITests.swift in Sources */ = {isa = PBXBuildFile; fileRef = 1C69451F2BB09705008EEB38 /* UITests.swift */; };
		1C6945222BB09705008EEB38 /* UITestsLaunchTests.swift in Sources */ = {isa = PBXBuildFile; fileRef = 1C6945212BB09705008EEB38 /* UITestsLaunchTests.swift */; };
		1C69452E2BB1BB13008EEB38 /* InfoPlist.xcstrings in Resources */ = {isa = PBXBuildFile; fileRef = 1C69452D2BB1BB13008EEB38 /* InfoPlist.xcstrings */; };
		1C6945302BB1C0C7008EEB38 /* TouchableImageView.swift in Sources */ = {isa = PBXBuildFile; fileRef = 1C69452F2BB1C0C7008EEB38 /* TouchableImageView.swift */; };
		1C7878F62B90B51A0022DF71 /* AppDelegate.swift in Sources */ = {isa = PBXBuildFile; fileRef = 1C7878F52B90B51A0022DF71 /* AppDelegate.swift */; };
		1C7878F82B90B51A0022DF71 /* SceneDelegate.swift in Sources */ = {isa = PBXBuildFile; fileRef = 1C7878F72B90B51A0022DF71 /* SceneDelegate.swift */; };
		1C7878FF2B90B51B0022DF71 /* Assets.xcassets in Resources */ = {isa = PBXBuildFile; fileRef = 1C7878FE2B90B51B0022DF71 /* Assets.xcassets */; };
		1C7879022B90B51B0022DF71 /* LaunchScreen.storyboard in Resources */ = {isa = PBXBuildFile; fileRef = 1C7879002B90B51B0022DF71 /* LaunchScreen.storyboard */; };
		1C7879382B90C41A0022DF71 /* RootViewController.swift in Sources */ = {isa = PBXBuildFile; fileRef = 1C7879372B90C41A0022DF71 /* RootViewController.swift */; };
		1C91F9702B90C941001930DB /* FileHeaderTest.swift in Sources */ = {isa = PBXBuildFile; fileRef = 1C91F96F2B90C941001930DB /* FileHeaderTest.swift */; };
		1CF7EEFF2BB6FEE70026CB6F /* UIView+Extension.swift in Sources */ = {isa = PBXBuildFile; fileRef = 1CF7EEFE2BB6FEE70026CB6F /* UIView+Extension.swift */; };
		1CF7EF022BB70B8F0026CB6F /* Mode.swift in Sources */ = {isa = PBXBuildFile; fileRef = 1CF7EF012BB70B8F0026CB6F /* Mode.swift */; };
		1CF7EF052BB725B60026CB6F /* NotFoundModeTableViewCell.swift in Sources */ = {isa = PBXBuildFile; fileRef = 1CF7EF042BB725B60026CB6F /* NotFoundModeTableViewCell.swift */; };
		1CF7EF082BB72D7D0026CB6F /* UITableView+Extension.swift in Sources */ = {isa = PBXBuildFile; fileRef = 1CF7EF072BB72D7D0026CB6F /* UITableView+Extension.swift */; };
/* End PBXBuildFile section */

/* Begin PBXContainerItemProxy section */
		1C6945232BB09705008EEB38 /* PBXContainerItemProxy */ = {
			isa = PBXContainerItemProxy;
			containerPortal = 1C7878EA2B90B51A0022DF71 /* Project object */;
			proxyType = 1;
			remoteGlobalIDString = 1C7878F12B90B51A0022DF71;
			remoteInfo = TimePot;
		};
		1C7879092B90B51B0022DF71 /* PBXContainerItemProxy */ = {
			isa = PBXContainerItemProxy;
			containerPortal = 1C7878EA2B90B51A0022DF71 /* Project object */;
			proxyType = 1;
			remoteGlobalIDString = 1C7878F12B90B51A0022DF71;
			remoteInfo = App;
		};
/* End PBXContainerItemProxy section */

/* Begin PBXFileReference section */
		1C04FF682BB5AA0C0052B129 /* MainViewController.swift */ = {isa = PBXFileReference; lastKnownFileType = sourcecode.swift; path = MainViewController.swift; sourceTree = "<group>"; };
		1C69450E2BB0754D008EEB38 /* BaseViewController.swift */ = {isa = PBXFileReference; lastKnownFileType = sourcecode.swift; path = BaseViewController.swift; sourceTree = "<group>"; };
		1C6945102BB07A38008EEB38 /* ObservableKeyboardViewController.swift */ = {isa = PBXFileReference; lastKnownFileType = sourcecode.swift; path = ObservableKeyboardViewController.swift; sourceTree = "<group>"; };
		1C6945122BB07F7D008EEB38 /* BaseCollectionViewCell.swift */ = {isa = PBXFileReference; lastKnownFileType = sourcecode.swift; path = BaseCollectionViewCell.swift; sourceTree = "<group>"; };
		1C6945142BB083DC008EEB38 /* NavigationBarViewController.swift */ = {isa = PBXFileReference; lastKnownFileType = sourcecode.swift; path = NavigationBarViewController.swift; sourceTree = "<group>"; };
		1C69451D2BB09705008EEB38 /* UITests.xctest */ = {isa = PBXFileReference; explicitFileType = wrapper.cfbundle; includeInIndex = 0; path = UITests.xctest; sourceTree = BUILT_PRODUCTS_DIR; };
		1C69451F2BB09705008EEB38 /* UITests.swift */ = {isa = PBXFileReference; lastKnownFileType = sourcecode.swift; path = UITests.swift; sourceTree = "<group>"; };
		1C6945212BB09705008EEB38 /* UITestsLaunchTests.swift */ = {isa = PBXFileReference; lastKnownFileType = sourcecode.swift; path = UITestsLaunchTests.swift; sourceTree = "<group>"; };
		1C69452D2BB1BB13008EEB38 /* InfoPlist.xcstrings */ = {isa = PBXFileReference; lastKnownFileType = text.json.xcstrings; path = InfoPlist.xcstrings; sourceTree = "<group>"; };
		1C69452F2BB1C0C7008EEB38 /* TouchableImageView.swift */ = {isa = PBXFileReference; lastKnownFileType = sourcecode.swift; path = TouchableImageView.swift; sourceTree = "<group>"; };
		1C7878F22B90B51A0022DF71 /* TimePot-Debug.app */ = {isa = PBXFileReference; explicitFileType = wrapper.application; includeInIndex = 0; path = "TimePot-Debug.app"; sourceTree = BUILT_PRODUCTS_DIR; };
		1C7878F52B90B51A0022DF71 /* AppDelegate.swift */ = {isa = PBXFileReference; lastKnownFileType = sourcecode.swift; path = AppDelegate.swift; sourceTree = "<group>"; };
		1C7878F72B90B51A0022DF71 /* SceneDelegate.swift */ = {isa = PBXFileReference; lastKnownFileType = sourcecode.swift; path = SceneDelegate.swift; sourceTree = "<group>"; };
		1C7878FE2B90B51B0022DF71 /* Assets.xcassets */ = {isa = PBXFileReference; lastKnownFileType = folder.assetcatalog; path = Assets.xcassets; sourceTree = "<group>"; };
		1C7879012B90B51B0022DF71 /* Base */ = {isa = PBXFileReference; lastKnownFileType = file.storyboard; name = Base; path = Base.lproj/LaunchScreen.storyboard; sourceTree = "<group>"; };
		1C7879032B90B51B0022DF71 /* Info.plist */ = {isa = PBXFileReference; lastKnownFileType = text.plist.xml; path = Info.plist; sourceTree = "<group>"; };
		1C7879082B90B51B0022DF71 /* UnitTests.xctest */ = {isa = PBXFileReference; explicitFileType = wrapper.cfbundle; includeInIndex = 0; path = UnitTests.xctest; sourceTree = BUILT_PRODUCTS_DIR; };
		1C7879372B90C41A0022DF71 /* RootViewController.swift */ = {isa = PBXFileReference; lastKnownFileType = sourcecode.swift; path = RootViewController.swift; sourceTree = "<group>"; };
		1C91F96F2B90C941001930DB /* FileHeaderTest.swift */ = {isa = PBXFileReference; lastKnownFileType = sourcecode.swift; path = FileHeaderTest.swift; sourceTree = "<group>"; };
		1CF7EEFE2BB6FEE70026CB6F /* UIView+Extension.swift */ = {isa = PBXFileReference; lastKnownFileType = sourcecode.swift; path = "UIView+Extension.swift"; sourceTree = "<group>"; };
		1CF7EF012BB70B8F0026CB6F /* Mode.swift */ = {isa = PBXFileReference; lastKnownFileType = sourcecode.swift; path = Mode.swift; sourceTree = "<group>"; };
		1CF7EF042BB725B60026CB6F /* NotFoundModeTableViewCell.swift */ = {isa = PBXFileReference; lastKnownFileType = sourcecode.swift; path = NotFoundModeTableViewCell.swift; sourceTree = "<group>"; };
		1CF7EF072BB72D7D0026CB6F /* UITableView+Extension.swift */ = {isa = PBXFileReference; lastKnownFileType = sourcecode.swift; path = "UITableView+Extension.swift"; sourceTree = "<group>"; };
/* End PBXFileReference section */

/* Begin PBXFrameworksBuildPhase section */
		1C69451A2BB09705008EEB38 /* Frameworks */ = {
			isa = PBXFrameworksBuildPhase;
			buildActionMask = 2147483647;
			files = (
			);
			runOnlyForDeploymentPostprocessing = 0;
		};
		1C7878EF2B90B51A0022DF71 /* Frameworks */ = {
			isa = PBXFrameworksBuildPhase;
			buildActionMask = 2147483647;
			files = (
			);
			runOnlyForDeploymentPostprocessing = 0;
		};
		1C7879052B90B51B0022DF71 /* Frameworks */ = {
			isa = PBXFrameworksBuildPhase;
			buildActionMask = 2147483647;
			files = (
			);
			runOnlyForDeploymentPostprocessing = 0;
		};
/* End PBXFrameworksBuildPhase section */

/* Begin PBXGroup section */
		1C69451E2BB09705008EEB38 /* UITests */ = {
			isa = PBXGroup;
			children = (
				1C69451F2BB09705008EEB38 /* UITests.swift */,
				1C6945212BB09705008EEB38 /* UITestsLaunchTests.swift */,
			);
			path = UITests;
			sourceTree = "<group>";
		};
		1C7878E92B90B51A0022DF71 = {
			isa = PBXGroup;
			children = (
				1C7878F42B90B51A0022DF71 /* Sources */,
				1C78790B2B90B51B0022DF71 /* UnitTests */,
				1C69451E2BB09705008EEB38 /* UITests */,
				1C7878F32B90B51A0022DF71 /* Products */,
			);
			sourceTree = "<group>";
		};
		1C7878F32B90B51A0022DF71 /* Products */ = {
			isa = PBXGroup;
			children = (
				1C7878F22B90B51A0022DF71 /* TimePot-Debug.app */,
				1C7879082B90B51B0022DF71 /* UnitTests.xctest */,
				1C69451D2BB09705008EEB38 /* UITests.xctest */,
			);
			name = Products;
			sourceTree = "<group>";
		};
		1C7878F42B90B51A0022DF71 /* Sources */ = {
			isa = PBXGroup;
			children = (
				1CD203732BB9918C009DA520 /* Basement */,
				1CF7EF002BB70B800026CB6F /* Model */,
				1CF7EEFD2BB6FED20026CB6F /* Extension */,
				1C7878F52B90B51A0022DF71 /* AppDelegate.swift */,
				1C7878F72B90B51A0022DF71 /* SceneDelegate.swift */,
				1C7878FE2B90B51B0022DF71 /* Assets.xcassets */,
				1C7879002B90B51B0022DF71 /* LaunchScreen.storyboard */,
				1C7879032B90B51B0022DF71 /* Info.plist */,
				1C7879372B90C41A0022DF71 /* RootViewController.swift */,
				1C69452D2BB1BB13008EEB38 /* InfoPlist.xcstrings */,
				1C04FF682BB5AA0C0052B129 /* MainViewController.swift */,
				1CF7EF042BB725B60026CB6F /* NotFoundModeTableViewCell.swift */,
			);
			path = Sources;
			sourceTree = "<group>";
		};
		1C78790B2B90B51B0022DF71 /* UnitTests */ = {
			isa = PBXGroup;
			children = (
				1C91F96F2B90C941001930DB /* FileHeaderTest.swift */,
			);
			path = UnitTests;
			sourceTree = "<group>";
		};
		1CD203732BB9918C009DA520 /* Basement */ = {
			isa = PBXGroup;
			children = (
				1C69450E2BB0754D008EEB38 /* BaseViewController.swift */,
				1C6945102BB07A38008EEB38 /* ObservableKeyboardViewController.swift */,
				1C6945142BB083DC008EEB38 /* NavigationBarViewController.swift */,
				1C6945122BB07F7D008EEB38 /* BaseCollectionViewCell.swift */,
				1C69452F2BB1C0C7008EEB38 /* TouchableImageView.swift */,
			);
			path = Basement;
			sourceTree = "<group>";
		};
		1CF7EEFD2BB6FED20026CB6F /* Extension */ = {
			isa = PBXGroup;
			children = (
				1CF7EEFE2BB6FEE70026CB6F /* UIView+Extension.swift */,
				1CF7EF072BB72D7D0026CB6F /* UITableView+Extension.swift */,
			);
			path = Extension;
			sourceTree = "<group>";
		};
		1CF7EF002BB70B800026CB6F /* Model */ = {
			isa = PBXGroup;
			children = (
				1CF7EF012BB70B8F0026CB6F /* Mode.swift */,
			);
			path = Model;
			sourceTree = "<group>";
		};
/* End PBXGroup section */

/* Begin PBXNativeTarget section */
		1C69451C2BB09705008EEB38 /* UITests */ = {
			isa = PBXNativeTarget;
			buildConfigurationList = 1C6945252BB09705008EEB38 /* Build configuration list for PBXNativeTarget "UITests" */;
			buildPhases = (
				1C6945192BB09705008EEB38 /* Sources */,
				1C69451A2BB09705008EEB38 /* Frameworks */,
				1C69451B2BB09705008EEB38 /* Resources */,
			);
			buildRules = (
			);
			dependencies = (
				1C6945242BB09705008EEB38 /* PBXTargetDependency */,
			);
			name = UITests;
			productName = UITests;
			productReference = 1C69451D2BB09705008EEB38 /* UITests.xctest */;
			productType = "com.apple.product-type.bundle.ui-testing";
		};
		1C7878F12B90B51A0022DF71 /* TimePot */ = {
			isa = PBXNativeTarget;
			buildConfigurationList = 1C78791C2B90B51B0022DF71 /* Build configuration list for PBXNativeTarget "TimePot" */;
			buildPhases = (
				1C7878EE2B90B51A0022DF71 /* Sources */,
				1C7878EF2B90B51A0022DF71 /* Frameworks */,
				1C7878F02B90B51A0022DF71 /* Resources */,
			);
			buildRules = (
			);
			dependencies = (
			);
			name = TimePot;
			productName = App;
			productReference = 1C7878F22B90B51A0022DF71 /* TimePot-Debug.app */;
			productType = "com.apple.product-type.application";
		};
		1C7879072B90B51B0022DF71 /* UnitTests */ = {
			isa = PBXNativeTarget;
			buildConfigurationList = 1C78791F2B90B51B0022DF71 /* Build configuration list for PBXNativeTarget "UnitTests" */;
			buildPhases = (
				1C7879042B90B51B0022DF71 /* Sources */,
				1C7879052B90B51B0022DF71 /* Frameworks */,
				1C7879062B90B51B0022DF71 /* Resources */,
			);
			buildRules = (
			);
			dependencies = (
				1C78790A2B90B51B0022DF71 /* PBXTargetDependency */,
			);
			name = UnitTests;
			productName = AppTests;
			productReference = 1C7879082B90B51B0022DF71 /* UnitTests.xctest */;
			productType = "com.apple.product-type.bundle.unit-test";
		};
/* End PBXNativeTarget section */

/* Begin PBXProject section */
		1C7878EA2B90B51A0022DF71 /* Project object */ = {
			isa = PBXProject;
			attributes = {
				BuildIndependentTargetsInParallel = YES;
				LastSwiftUpdateCheck = 1530;
				LastUpgradeCheck = 1520;
				TargetAttributes = {
					1C69451C2BB09705008EEB38 = {
						CreatedOnToolsVersion = 15.3;
						TestTargetID = 1C7878F12B90B51A0022DF71;
					};
					1C7878F12B90B51A0022DF71 = {
						CreatedOnToolsVersion = 15.2;
					};
					1C7879072B90B51B0022DF71 = {
						CreatedOnToolsVersion = 15.2;
						TestTargetID = 1C7878F12B90B51A0022DF71;
					};
				};
			};
			buildConfigurationList = 1C7878ED2B90B51A0022DF71 /* Build configuration list for PBXProject "TimePot" */;
			compatibilityVersion = "Xcode 15.3";
			developmentRegion = en;
			hasScannedForEncodings = 0;
			knownRegions = (
				en,
				Base,
				ko,
				ja,
			);
			mainGroup = 1C7878E92B90B51A0022DF71;
			productRefGroup = 1C7878F32B90B51A0022DF71 /* Products */;
			projectDirPath = "";
			projectRoot = "";
			targets = (
				1C7878F12B90B51A0022DF71 /* TimePot */,
				1C7879072B90B51B0022DF71 /* UnitTests */,
				1C69451C2BB09705008EEB38 /* UITests */,
			);
		};
/* End PBXProject section */

/* Begin PBXResourcesBuildPhase section */
		1C69451B2BB09705008EEB38 /* Resources */ = {
			isa = PBXResourcesBuildPhase;
			buildActionMask = 2147483647;
			files = (
			);
			runOnlyForDeploymentPostprocessing = 0;
		};
		1C7878F02B90B51A0022DF71 /* Resources */ = {
			isa = PBXResourcesBuildPhase;
			buildActionMask = 2147483647;
			files = (
				1C69452E2BB1BB13008EEB38 /* InfoPlist.xcstrings in Resources */,
				1C7879022B90B51B0022DF71 /* LaunchScreen.storyboard in Resources */,
				1C7878FF2B90B51B0022DF71 /* Assets.xcassets in Resources */,
			);
			runOnlyForDeploymentPostprocessing = 0;
		};
		1C7879062B90B51B0022DF71 /* Resources */ = {
			isa = PBXResourcesBuildPhase;
			buildActionMask = 2147483647;
			files = (
			);
			runOnlyForDeploymentPostprocessing = 0;
		};
/* End PBXResourcesBuildPhase section */

/* Begin PBXSourcesBuildPhase section */
		1C6945192BB09705008EEB38 /* Sources */ = {
			isa = PBXSourcesBuildPhase;
			buildActionMask = 2147483647;
			files = (
				1C6945222BB09705008EEB38 /* UITestsLaunchTests.swift in Sources */,
				1C6945202BB09705008EEB38 /* UITests.swift in Sources */,
			);
			runOnlyForDeploymentPostprocessing = 0;
		};
		1C7878EE2B90B51A0022DF71 /* Sources */ = {
			isa = PBXSourcesBuildPhase;
			buildActionMask = 2147483647;
			files = (
				1C6945302BB1C0C7008EEB38 /* TouchableImageView.swift in Sources */,
				1C7878F62B90B51A0022DF71 /* AppDelegate.swift in Sources */,
				1C6945112BB07A38008EEB38 /* ObservableKeyboardViewController.swift in Sources */,
				1CF7EF052BB725B60026CB6F /* NotFoundModeTableViewCell.swift in Sources */,
				1C69450F2BB0754D008EEB38 /* BaseViewController.swift in Sources */,
				1C7878F82B90B51A0022DF71 /* SceneDelegate.swift in Sources */,
				1C7879382B90C41A0022DF71 /* RootViewController.swift in Sources */,
				1C04FF692BB5AA0C0052B129 /* MainViewController.swift in Sources */,
				1C6945152BB083DC008EEB38 /* NavigationBarViewController.swift in Sources */,
				1CF7EEFF2BB6FEE70026CB6F /* UIView+Extension.swift in Sources */,
				1CF7EF022BB70B8F0026CB6F /* Mode.swift in Sources */,
				1C6945132BB07F7D008EEB38 /* BaseCollectionViewCell.swift in Sources */,
				1CF7EF082BB72D7D0026CB6F /* UITableView+Extension.swift in Sources */,
			);
			runOnlyForDeploymentPostprocessing = 0;
		};
		1C7879042B90B51B0022DF71 /* Sources */ = {
			isa = PBXSourcesBuildPhase;
			buildActionMask = 2147483647;
			files = (
				1C91F9702B90C941001930DB /* FileHeaderTest.swift in Sources */,
			);
			runOnlyForDeploymentPostprocessing = 0;
		};
/* End PBXSourcesBuildPhase section */

/* Begin PBXTargetDependency section */
		1C6945242BB09705008EEB38 /* PBXTargetDependency */ = {
			isa = PBXTargetDependency;
			target = 1C7878F12B90B51A0022DF71 /* TimePot */;
			targetProxy = 1C6945232BB09705008EEB38 /* PBXContainerItemProxy */;
		};
		1C78790A2B90B51B0022DF71 /* PBXTargetDependency */ = {
			isa = PBXTargetDependency;
			target = 1C7878F12B90B51A0022DF71 /* TimePot */;
			targetProxy = 1C7879092B90B51B0022DF71 /* PBXContainerItemProxy */;
		};
/* End PBXTargetDependency section */

/* Begin PBXVariantGroup section */
		1C7879002B90B51B0022DF71 /* LaunchScreen.storyboard */ = {
			isa = PBXVariantGroup;
			children = (
				1C7879012B90B51B0022DF71 /* Base */,
			);
			name = LaunchScreen.storyboard;
			sourceTree = "<group>";
		};
/* End PBXVariantGroup section */

/* Begin XCBuildConfiguration section */
		1C69450A2BB06CCE008EEB38 /* Test */ = {
			isa = XCBuildConfiguration;
			buildSettings = {
				ALWAYS_SEARCH_USER_PATHS = NO;
				ASSETCATALOG_COMPILER_GENERATE_SWIFT_ASSET_SYMBOL_EXTENSIONS = YES;
				CLANG_ANALYZER_NONNULL = YES;
				CLANG_ANALYZER_NUMBER_OBJECT_CONVERSION = YES_AGGRESSIVE;
				CLANG_CXX_LANGUAGE_STANDARD = "gnu++20";
				CLANG_ENABLE_MODULES = YES;
				CLANG_ENABLE_OBJC_ARC = YES;
				CLANG_ENABLE_OBJC_WEAK = YES;
				CLANG_WARN_BLOCK_CAPTURE_AUTORELEASING = YES;
				CLANG_WARN_BOOL_CONVERSION = YES;
				CLANG_WARN_COMMA = YES;
				CLANG_WARN_CONSTANT_CONVERSION = YES;
				CLANG_WARN_DEPRECATED_OBJC_IMPLEMENTATIONS = YES;
				CLANG_WARN_DIRECT_OBJC_ISA_USAGE = YES_ERROR;
				CLANG_WARN_DOCUMENTATION_COMMENTS = YES;
				CLANG_WARN_EMPTY_BODY = YES;
				CLANG_WARN_ENUM_CONVERSION = YES;
				CLANG_WARN_INFINITE_RECURSION = YES;
				CLANG_WARN_INT_CONVERSION = YES;
				CLANG_WARN_NON_LITERAL_NULL_CONVERSION = YES;
				CLANG_WARN_OBJC_IMPLICIT_RETAIN_SELF = YES;
				CLANG_WARN_OBJC_LITERAL_CONVERSION = YES;
				CLANG_WARN_OBJC_ROOT_CLASS = YES_ERROR;
				CLANG_WARN_QUOTED_INCLUDE_IN_FRAMEWORK_HEADER = YES;
				CLANG_WARN_RANGE_LOOP_ANALYSIS = YES;
				CLANG_WARN_STRICT_PROTOTYPES = YES;
				CLANG_WARN_SUSPICIOUS_MOVE = YES;
				CLANG_WARN_UNGUARDED_AVAILABILITY = YES_AGGRESSIVE;
				CLANG_WARN_UNREACHABLE_CODE = YES;
				CLANG_WARN__DUPLICATE_METHOD_MATCH = YES;
				COPY_PHASE_STRIP = NO;
				DEBUG_INFORMATION_FORMAT = dwarf;
				ENABLE_STRICT_OBJC_MSGSEND = YES;
				ENABLE_TESTABILITY = YES;
				ENABLE_USER_SCRIPT_SANDBOXING = YES;
				GCC_C_LANGUAGE_STANDARD = gnu17;
				GCC_DYNAMIC_NO_PIC = NO;
				GCC_NO_COMMON_BLOCKS = YES;
				GCC_OPTIMIZATION_LEVEL = 0;
				GCC_PREPROCESSOR_DEFINITIONS = (
					"DEBUG=1",
					"$(inherited)",
				);
				GCC_WARN_64_TO_32_BIT_CONVERSION = YES;
				GCC_WARN_ABOUT_RETURN_TYPE = YES_ERROR;
				GCC_WARN_UNDECLARED_SELECTOR = YES;
				GCC_WARN_UNINITIALIZED_AUTOS = YES_AGGRESSIVE;
				GCC_WARN_UNUSED_FUNCTION = YES;
				GCC_WARN_UNUSED_VARIABLE = YES;
				IPHONEOS_DEPLOYMENT_TARGET = 17.4;
				LOCALIZATION_PREFERS_STRING_CATALOGS = YES;
				MTL_ENABLE_DEBUG_INFO = INCLUDE_SOURCE;
				MTL_FAST_MATH = YES;
				ONLY_ACTIVE_ARCH = YES;
				SDKROOT = iphoneos;
				SWIFT_ACTIVE_COMPILATION_CONDITIONS = "DEBUG $(inherited)";
				SWIFT_OPTIMIZATION_LEVEL = "-Onone";
				SWIFT_VERSION = 5.0;
			};
			name = Test;
		};
		1C69450B2BB06CCE008EEB38 /* Test */ = {
			isa = XCBuildConfiguration;
			buildSettings = {
				ASSETCATALOG_COMPILER_APPICON_NAME = AppIcon;
				ASSETCATALOG_COMPILER_GLOBAL_ACCENT_COLOR_NAME = AccentColor;
				BUNDLE_IDENTIFIER_SUFFIX = Test;
				CODE_SIGN_IDENTITY = "Apple Development";
				CODE_SIGN_STYLE = Automatic;
				CURRENT_PROJECT_VERSION = 1;
				DEVELOPMENT_TEAM = 4CLS27ED5N;
				GENERATE_INFOPLIST_FILE = YES;
				INFOPLIST_FILE = Sources/Info.plist;
				INFOPLIST_KEY_LSApplicationCategoryType = "public.app-category.productivity";
				INFOPLIST_KEY_UIApplicationSupportsIndirectInputEvents = YES;
				INFOPLIST_KEY_UILaunchStoryboardName = LaunchScreen;
				INFOPLIST_KEY_UISupportedInterfaceOrientations = "UIInterfaceOrientationLandscapeLeft UIInterfaceOrientationLandscapeRight UIInterfaceOrientationPortrait";
				INFOPLIST_KEY_UISupportedInterfaceOrientations_iPad = "UIInterfaceOrientationLandscapeLeft UIInterfaceOrientationLandscapeRight UIInterfaceOrientationPortrait UIInterfaceOrientationPortraitUpsideDown";
				IPHONEOS_DEPLOYMENT_TARGET = 14.0;
				LD_RUNPATH_SEARCH_PATHS = (
					"$(inherited)",
					"@executable_path/Frameworks",
				);
				MARKETING_VERSION = 1.0;
				PRODUCT_BUNDLE_IDENTIFIER = "yujinkim1.app.timepot.$(BUNDLE_IDENTIFIER_SUFFIX)";
				PRODUCT_NAME = "$(TARGET_NAME)-$(BUNDLE_IDENTIFIER_SUFFIX)";
				PROVISIONING_PROFILE_SPECIFIER = "";
				SUPPORTED_PLATFORMS = "iphoneos iphonesimulator";
				SUPPORTS_MACCATALYST = NO;
				SUPPORTS_MAC_DESIGNED_FOR_IPHONE_IPAD = NO;
				SUPPORTS_XR_DESIGNED_FOR_IPHONE_IPAD = NO;
				SWIFT_EMIT_LOC_STRINGS = YES;
				SWIFT_VERSION = 5.0;
				TARGETED_DEVICE_FAMILY = "1,2";
			};
			name = Test;
		};
		1C69450C2BB06CCE008EEB38 /* Test */ = {
			isa = XCBuildConfiguration;
			buildSettings = {
				ALWAYS_EMBED_SWIFT_STANDARD_LIBRARIES = YES;
				BUNDLE_LOADER = "$(TEST_HOST)";
				CODE_SIGN_STYLE = Automatic;
				CURRENT_PROJECT_VERSION = 1;
				DEVELOPMENT_TEAM = 4CLS27ED5N;
				GENERATE_INFOPLIST_FILE = YES;
				IPHONEOS_DEPLOYMENT_TARGET = 17.4;
				MARKETING_VERSION = 1.0;
				PRODUCT_BUNDLE_IDENTIFIER = yujinkim1.app.timepot.AppTests;
				PRODUCT_NAME = "$(TARGET_NAME)";
				SUPPORTED_PLATFORMS = "iphoneos iphonesimulator";
				SUPPORTS_MACCATALYST = NO;
				SUPPORTS_MAC_DESIGNED_FOR_IPHONE_IPAD = NO;
				SUPPORTS_XR_DESIGNED_FOR_IPHONE_IPAD = NO;
				SWIFT_EMIT_LOC_STRINGS = NO;
				SWIFT_VERSION = 5.0;
				TARGETED_DEVICE_FAMILY = "1,2";
				TEST_HOST = "$(BUILT_PRODUCTS_DIR)/TimePot-Debug.app/$(BUNDLE_EXECUTABLE_FOLDER_PATH)/TimePot-Debug";
			};
			name = Test;
		};
		1C6945262BB09705008EEB38 /* Debug */ = {
			isa = XCBuildConfiguration;
			buildSettings = {
				CODE_SIGN_STYLE = Automatic;
				CURRENT_PROJECT_VERSION = 1;
				DEVELOPMENT_TEAM = 4CLS27ED5N;
				GENERATE_INFOPLIST_FILE = YES;
				MARKETING_VERSION = 1.0;
				PRODUCT_BUNDLE_IDENTIFIER = yujinkim1.timepot.UITests;
				PRODUCT_NAME = "$(TARGET_NAME)";
				SUPPORTED_PLATFORMS = "iphoneos iphonesimulator";
				SUPPORTS_MACCATALYST = NO;
				SUPPORTS_MAC_DESIGNED_FOR_IPHONE_IPAD = NO;
				SUPPORTS_XR_DESIGNED_FOR_IPHONE_IPAD = NO;
				SWIFT_EMIT_LOC_STRINGS = NO;
				SWIFT_VERSION = 5.0;
				TARGETED_DEVICE_FAMILY = "1,2";
				TEST_TARGET_NAME = TimePot;
			};
			name = Debug;
		};
		1C6945272BB09705008EEB38 /* Test */ = {
			isa = XCBuildConfiguration;
			buildSettings = {
				CODE_SIGN_STYLE = Automatic;
				CURRENT_PROJECT_VERSION = 1;
				DEVELOPMENT_TEAM = 4CLS27ED5N;
				GENERATE_INFOPLIST_FILE = YES;
				MARKETING_VERSION = 1.0;
				PRODUCT_BUNDLE_IDENTIFIER = yujinkim1.timepot.UITests;
				PRODUCT_NAME = "$(TARGET_NAME)";
				SUPPORTED_PLATFORMS = "iphoneos iphonesimulator";
				SUPPORTS_MACCATALYST = NO;
				SUPPORTS_MAC_DESIGNED_FOR_IPHONE_IPAD = NO;
				SUPPORTS_XR_DESIGNED_FOR_IPHONE_IPAD = NO;
				SWIFT_EMIT_LOC_STRINGS = NO;
				SWIFT_VERSION = 5.0;
				TARGETED_DEVICE_FAMILY = "1,2";
				TEST_TARGET_NAME = TimePot;
			};
			name = Test;
		};
		1C6945282BB09705008EEB38 /* Release */ = {
			isa = XCBuildConfiguration;
			buildSettings = {
				CODE_SIGN_STYLE = Automatic;
				CURRENT_PROJECT_VERSION = 1;
				DEVELOPMENT_TEAM = 4CLS27ED5N;
				GENERATE_INFOPLIST_FILE = YES;
				MARKETING_VERSION = 1.0;
				PRODUCT_BUNDLE_IDENTIFIER = yujinkim1.timepot.UITests;
				PRODUCT_NAME = "$(TARGET_NAME)";
				SUPPORTED_PLATFORMS = "iphoneos iphonesimulator";
				SUPPORTS_MACCATALYST = NO;
				SUPPORTS_MAC_DESIGNED_FOR_IPHONE_IPAD = NO;
				SUPPORTS_XR_DESIGNED_FOR_IPHONE_IPAD = NO;
				SWIFT_EMIT_LOC_STRINGS = NO;
				SWIFT_VERSION = 5.0;
				TARGETED_DEVICE_FAMILY = "1,2";
				TEST_TARGET_NAME = TimePot;
			};
			name = Release;
		};
		1C78791A2B90B51B0022DF71 /* Debug */ = {
			isa = XCBuildConfiguration;
			buildSettings = {
				ALWAYS_SEARCH_USER_PATHS = NO;
				ASSETCATALOG_COMPILER_GENERATE_SWIFT_ASSET_SYMBOL_EXTENSIONS = YES;
				CLANG_ANALYZER_NONNULL = YES;
				CLANG_ANALYZER_NUMBER_OBJECT_CONVERSION = YES_AGGRESSIVE;
				CLANG_CXX_LANGUAGE_STANDARD = "gnu++20";
				CLANG_ENABLE_MODULES = YES;
				CLANG_ENABLE_OBJC_ARC = YES;
				CLANG_ENABLE_OBJC_WEAK = YES;
				CLANG_WARN_BLOCK_CAPTURE_AUTORELEASING = YES;
				CLANG_WARN_BOOL_CONVERSION = YES;
				CLANG_WARN_COMMA = YES;
				CLANG_WARN_CONSTANT_CONVERSION = YES;
				CLANG_WARN_DEPRECATED_OBJC_IMPLEMENTATIONS = YES;
				CLANG_WARN_DIRECT_OBJC_ISA_USAGE = YES_ERROR;
				CLANG_WARN_DOCUMENTATION_COMMENTS = YES;
				CLANG_WARN_EMPTY_BODY = YES;
				CLANG_WARN_ENUM_CONVERSION = YES;
				CLANG_WARN_INFINITE_RECURSION = YES;
				CLANG_WARN_INT_CONVERSION = YES;
				CLANG_WARN_NON_LITERAL_NULL_CONVERSION = YES;
				CLANG_WARN_OBJC_IMPLICIT_RETAIN_SELF = YES;
				CLANG_WARN_OBJC_LITERAL_CONVERSION = YES;
				CLANG_WARN_OBJC_ROOT_CLASS = YES_ERROR;
				CLANG_WARN_QUOTED_INCLUDE_IN_FRAMEWORK_HEADER = YES;
				CLANG_WARN_RANGE_LOOP_ANALYSIS = YES;
				CLANG_WARN_STRICT_PROTOTYPES = YES;
				CLANG_WARN_SUSPICIOUS_MOVE = YES;
				CLANG_WARN_UNGUARDED_AVAILABILITY = YES_AGGRESSIVE;
				CLANG_WARN_UNREACHABLE_CODE = YES;
				CLANG_WARN__DUPLICATE_METHOD_MATCH = YES;
				COPY_PHASE_STRIP = NO;
				DEBUG_INFORMATION_FORMAT = dwarf;
				ENABLE_STRICT_OBJC_MSGSEND = YES;
				ENABLE_TESTABILITY = YES;
				ENABLE_USER_SCRIPT_SANDBOXING = YES;
				GCC_C_LANGUAGE_STANDARD = gnu17;
				GCC_DYNAMIC_NO_PIC = NO;
				GCC_NO_COMMON_BLOCKS = YES;
				GCC_OPTIMIZATION_LEVEL = 0;
				GCC_PREPROCESSOR_DEFINITIONS = (
					"DEBUG=1",
					"$(inherited)",
				);
				GCC_WARN_64_TO_32_BIT_CONVERSION = YES;
				GCC_WARN_ABOUT_RETURN_TYPE = YES_ERROR;
				GCC_WARN_UNDECLARED_SELECTOR = YES;
				GCC_WARN_UNINITIALIZED_AUTOS = YES_AGGRESSIVE;
				GCC_WARN_UNUSED_FUNCTION = YES;
				GCC_WARN_UNUSED_VARIABLE = YES;
				IPHONEOS_DEPLOYMENT_TARGET = 17.4;
				LOCALIZATION_PREFERS_STRING_CATALOGS = YES;
				MTL_ENABLE_DEBUG_INFO = INCLUDE_SOURCE;
				MTL_FAST_MATH = YES;
				ONLY_ACTIVE_ARCH = YES;
				SDKROOT = iphoneos;
				SWIFT_ACTIVE_COMPILATION_CONDITIONS = "DEBUG $(inherited)";
				SWIFT_OPTIMIZATION_LEVEL = "-Onone";
				SWIFT_VERSION = 5.0;
			};
			name = Debug;
		};
		1C78791B2B90B51B0022DF71 /* Release */ = {
			isa = XCBuildConfiguration;
			buildSettings = {
				ALWAYS_SEARCH_USER_PATHS = NO;
				ASSETCATALOG_COMPILER_GENERATE_SWIFT_ASSET_SYMBOL_EXTENSIONS = YES;
				CLANG_ANALYZER_NONNULL = YES;
				CLANG_ANALYZER_NUMBER_OBJECT_CONVERSION = YES_AGGRESSIVE;
				CLANG_CXX_LANGUAGE_STANDARD = "gnu++20";
				CLANG_ENABLE_MODULES = YES;
				CLANG_ENABLE_OBJC_ARC = YES;
				CLANG_ENABLE_OBJC_WEAK = YES;
				CLANG_WARN_BLOCK_CAPTURE_AUTORELEASING = YES;
				CLANG_WARN_BOOL_CONVERSION = YES;
				CLANG_WARN_COMMA = YES;
				CLANG_WARN_CONSTANT_CONVERSION = YES;
				CLANG_WARN_DEPRECATED_OBJC_IMPLEMENTATIONS = YES;
				CLANG_WARN_DIRECT_OBJC_ISA_USAGE = YES_ERROR;
				CLANG_WARN_DOCUMENTATION_COMMENTS = YES;
				CLANG_WARN_EMPTY_BODY = YES;
				CLANG_WARN_ENUM_CONVERSION = YES;
				CLANG_WARN_INFINITE_RECURSION = YES;
				CLANG_WARN_INT_CONVERSION = YES;
				CLANG_WARN_NON_LITERAL_NULL_CONVERSION = YES;
				CLANG_WARN_OBJC_IMPLICIT_RETAIN_SELF = YES;
				CLANG_WARN_OBJC_LITERAL_CONVERSION = YES;
				CLANG_WARN_OBJC_ROOT_CLASS = YES_ERROR;
				CLANG_WARN_QUOTED_INCLUDE_IN_FRAMEWORK_HEADER = YES;
				CLANG_WARN_RANGE_LOOP_ANALYSIS = YES;
				CLANG_WARN_STRICT_PROTOTYPES = YES;
				CLANG_WARN_SUSPICIOUS_MOVE = YES;
				CLANG_WARN_UNGUARDED_AVAILABILITY = YES_AGGRESSIVE;
				CLANG_WARN_UNREACHABLE_CODE = YES;
				CLANG_WARN__DUPLICATE_METHOD_MATCH = YES;
				COPY_PHASE_STRIP = NO;
				DEBUG_INFORMATION_FORMAT = "dwarf-with-dsym";
				ENABLE_NS_ASSERTIONS = NO;
				ENABLE_STRICT_OBJC_MSGSEND = YES;
				ENABLE_USER_SCRIPT_SANDBOXING = YES;
				GCC_C_LANGUAGE_STANDARD = gnu17;
				GCC_NO_COMMON_BLOCKS = YES;
				GCC_WARN_64_TO_32_BIT_CONVERSION = YES;
				GCC_WARN_ABOUT_RETURN_TYPE = YES_ERROR;
				GCC_WARN_UNDECLARED_SELECTOR = YES;
				GCC_WARN_UNINITIALIZED_AUTOS = YES_AGGRESSIVE;
				GCC_WARN_UNUSED_FUNCTION = YES;
				GCC_WARN_UNUSED_VARIABLE = YES;
				IPHONEOS_DEPLOYMENT_TARGET = 17.4;
				LOCALIZATION_PREFERS_STRING_CATALOGS = YES;
				MTL_ENABLE_DEBUG_INFO = NO;
				MTL_FAST_MATH = YES;
				SDKROOT = iphoneos;
				SWIFT_COMPILATION_MODE = wholemodule;
				SWIFT_OPTIMIZATION_LEVEL = "-O";
				SWIFT_VERSION = 5.0;
				VALIDATE_PRODUCT = YES;
			};
			name = Release;
		};
		1C78791D2B90B51B0022DF71 /* Debug */ = {
			isa = XCBuildConfiguration;
			buildSettings = {
				ASSETCATALOG_COMPILER_APPICON_NAME = AppIcon;
				ASSETCATALOG_COMPILER_GLOBAL_ACCENT_COLOR_NAME = AccentColor;
				BUNDLE_IDENTIFIER_SUFFIX = Debug;
				CODE_SIGN_IDENTITY = "Apple Development";
				CODE_SIGN_STYLE = Automatic;
				CURRENT_PROJECT_VERSION = 1;
				DEVELOPMENT_TEAM = 4CLS27ED5N;
				GENERATE_INFOPLIST_FILE = YES;
				INFOPLIST_FILE = Sources/Info.plist;
				INFOPLIST_KEY_LSApplicationCategoryType = "public.app-category.productivity";
				INFOPLIST_KEY_UIApplicationSupportsIndirectInputEvents = YES;
				INFOPLIST_KEY_UILaunchStoryboardName = LaunchScreen;
				INFOPLIST_KEY_UISupportedInterfaceOrientations = "UIInterfaceOrientationLandscapeLeft UIInterfaceOrientationLandscapeRight UIInterfaceOrientationPortrait";
				INFOPLIST_KEY_UISupportedInterfaceOrientations_iPad = "UIInterfaceOrientationLandscapeLeft UIInterfaceOrientationLandscapeRight UIInterfaceOrientationPortrait UIInterfaceOrientationPortraitUpsideDown";
				IPHONEOS_DEPLOYMENT_TARGET = 14.0;
				LD_RUNPATH_SEARCH_PATHS = (
					"$(inherited)",
					"@executable_path/Frameworks",
				);
				MARKETING_VERSION = 1.0;
				PRODUCT_BUNDLE_IDENTIFIER = "yujinkim1.app.timepot.$(BUNDLE_IDENTIFIER_SUFFIX)";
				PRODUCT_NAME = "$(TARGET_NAME)-$(BUNDLE_IDENTIFIER_SUFFIX)";
				PROVISIONING_PROFILE_SPECIFIER = "";
				SUPPORTED_PLATFORMS = "iphoneos iphonesimulator";
				SUPPORTS_MACCATALYST = NO;
				SUPPORTS_MAC_DESIGNED_FOR_IPHONE_IPAD = NO;
				SUPPORTS_XR_DESIGNED_FOR_IPHONE_IPAD = NO;
				SWIFT_EMIT_LOC_STRINGS = YES;
				SWIFT_VERSION = 5.0;
				TARGETED_DEVICE_FAMILY = "1,2";
			};
			name = Debug;
		};
		1C78791E2B90B51B0022DF71 /* Release */ = {
			isa = XCBuildConfiguration;
			buildSettings = {
				ASSETCATALOG_COMPILER_APPICON_NAME = AppIcon;
				ASSETCATALOG_COMPILER_GLOBAL_ACCENT_COLOR_NAME = AccentColor;
				BUNDLE_IDENTIFIER_SUFFIX = "";
				CODE_SIGN_IDENTITY = "Apple Development";
				CODE_SIGN_STYLE = Automatic;
				CURRENT_PROJECT_VERSION = 1;
				DEVELOPMENT_TEAM = 4CLS27ED5N;
				GENERATE_INFOPLIST_FILE = YES;
				INFOPLIST_FILE = Sources/Info.plist;
				INFOPLIST_KEY_LSApplicationCategoryType = "public.app-category.productivity";
				INFOPLIST_KEY_UIApplicationSupportsIndirectInputEvents = YES;
				INFOPLIST_KEY_UILaunchStoryboardName = LaunchScreen;
				INFOPLIST_KEY_UISupportedInterfaceOrientations = "UIInterfaceOrientationLandscapeLeft UIInterfaceOrientationLandscapeRight UIInterfaceOrientationPortrait";
				INFOPLIST_KEY_UISupportedInterfaceOrientations_iPad = "UIInterfaceOrientationLandscapeLeft UIInterfaceOrientationLandscapeRight UIInterfaceOrientationPortrait UIInterfaceOrientationPortraitUpsideDown";
				IPHONEOS_DEPLOYMENT_TARGET = 14.0;
				LD_RUNPATH_SEARCH_PATHS = (
					"$(inherited)",
					"@executable_path/Frameworks",
				);
				MARKETING_VERSION = 1.0;
				PRODUCT_BUNDLE_IDENTIFIER = yujinkim1.app.timepot;
				PRODUCT_NAME = "$(TARGET_NAME)";
				PROVISIONING_PROFILE_SPECIFIER = "";
				SUPPORTED_PLATFORMS = "iphoneos iphonesimulator";
				SUPPORTS_MACCATALYST = NO;
				SUPPORTS_MAC_DESIGNED_FOR_IPHONE_IPAD = NO;
				SUPPORTS_XR_DESIGNED_FOR_IPHONE_IPAD = NO;
				SWIFT_EMIT_LOC_STRINGS = YES;
				SWIFT_VERSION = 5.0;
				TARGETED_DEVICE_FAMILY = "1,2";
			};
			name = Release;
		};
		1C7879202B90B51B0022DF71 /* Debug */ = {
			isa = XCBuildConfiguration;
			buildSettings = {
				ALWAYS_EMBED_SWIFT_STANDARD_LIBRARIES = YES;
				BUNDLE_LOADER = "$(TEST_HOST)";
				CODE_SIGN_STYLE = Automatic;
				CURRENT_PROJECT_VERSION = 1;
				DEVELOPMENT_TEAM = 4CLS27ED5N;
				GENERATE_INFOPLIST_FILE = YES;
				IPHONEOS_DEPLOYMENT_TARGET = 17.4;
				MARKETING_VERSION = 1.0;
				PRODUCT_BUNDLE_IDENTIFIER = yujinkim1.app.timepot.AppTests;
				PRODUCT_NAME = "$(TARGET_NAME)";
				SUPPORTED_PLATFORMS = "iphoneos iphonesimulator";
				SUPPORTS_MACCATALYST = NO;
				SUPPORTS_MAC_DESIGNED_FOR_IPHONE_IPAD = NO;
				SUPPORTS_XR_DESIGNED_FOR_IPHONE_IPAD = NO;
				SWIFT_EMIT_LOC_STRINGS = NO;
				SWIFT_VERSION = 5.0;
				TARGETED_DEVICE_FAMILY = "1,2";
				TEST_HOST = "$(BUILT_PRODUCTS_DIR)/TimePot-Debug.app/$(BUNDLE_EXECUTABLE_FOLDER_PATH)/TimePot-Debug";
			};
			name = Debug;
		};
		1C7879212B90B51B0022DF71 /* Release */ = {
			isa = XCBuildConfiguration;
			buildSettings = {
				ALWAYS_EMBED_SWIFT_STANDARD_LIBRARIES = YES;
				BUNDLE_LOADER = "$(TEST_HOST)";
				CODE_SIGN_STYLE = Automatic;
				CURRENT_PROJECT_VERSION = 1;
				DEVELOPMENT_TEAM = 4CLS27ED5N;
				GENERATE_INFOPLIST_FILE = YES;
				IPHONEOS_DEPLOYMENT_TARGET = 17.4;
				MARKETING_VERSION = 1.0;
				PRODUCT_BUNDLE_IDENTIFIER = yujinkim1.app.timepot.AppTests;
				PRODUCT_NAME = "$(TARGET_NAME)";
				SUPPORTED_PLATFORMS = "iphoneos iphonesimulator";
				SUPPORTS_MACCATALYST = NO;
				SUPPORTS_MAC_DESIGNED_FOR_IPHONE_IPAD = NO;
				SUPPORTS_XR_DESIGNED_FOR_IPHONE_IPAD = NO;
				SWIFT_EMIT_LOC_STRINGS = NO;
				SWIFT_VERSION = 5.0;
				TARGETED_DEVICE_FAMILY = "1,2";
				TEST_HOST = "$(BUILT_PRODUCTS_DIR)/TimePot-Debug.app/$(BUNDLE_EXECUTABLE_FOLDER_PATH)/TimePot-Debug";
			};
			name = Release;
		};
/* End XCBuildConfiguration section */

/* Begin XCConfigurationList section */
		1C6945252BB09705008EEB38 /* Build configuration list for PBXNativeTarget "UITests" */ = {
			isa = XCConfigurationList;
			buildConfigurations = (
				1C6945262BB09705008EEB38 /* Debug */,
				1C6945272BB09705008EEB38 /* Test */,
				1C6945282BB09705008EEB38 /* Release */,
			);
			defaultConfigurationIsVisible = 0;
			defaultConfigurationName = Debug;
		};
		1C7878ED2B90B51A0022DF71 /* Build configuration list for PBXProject "TimePot" */ = {
			isa = XCConfigurationList;
			buildConfigurations = (
				1C78791A2B90B51B0022DF71 /* Debug */,
				1C69450A2BB06CCE008EEB38 /* Test */,
				1C78791B2B90B51B0022DF71 /* Release */,
			);
			defaultConfigurationIsVisible = 0;
			defaultConfigurationName = Debug;
		};
		1C78791C2B90B51B0022DF71 /* Build configuration list for PBXNativeTarget "TimePot" */ = {
			isa = XCConfigurationList;
			buildConfigurations = (
				1C78791D2B90B51B0022DF71 /* Debug */,
				1C69450B2BB06CCE008EEB38 /* Test */,
				1C78791E2B90B51B0022DF71 /* Release */,
			);
			defaultConfigurationIsVisible = 0;
			defaultConfigurationName = Debug;
		};
		1C78791F2B90B51B0022DF71 /* Build configuration list for PBXNativeTarget "UnitTests" */ = {
			isa = XCConfigurationList;
			buildConfigurations = (
				1C7879202B90B51B0022DF71 /* Debug */,
				1C69450C2BB06CCE008EEB38 /* Test */,
				1C7879212B90B51B0022DF71 /* Release */,
			);
			defaultConfigurationIsVisible = 0;
			defaultConfigurationName = Debug;
		};
/* End XCConfigurationList section */
	};
	rootObject = 1C7878EA2B90B51A0022DF71 /* Project object */;
}
