// !$*UTF8*$!
{
	archiveVersion = 1;
	classes = {
	};
	objectVersion = 56;
	objects = {

/* Begin PBXBuildFile section */
		1CB4B9572BEB73D20091E362 /* AppDelegate.swift in Sources */ = {isa = PBXBuildFile; fileRef = 1CB4B9562BEB73D20091E362 /* AppDelegate.swift */; };
		1CF8116E2BE3CF62009CC2DA /* Preview Assets.xcassets in Resources */ = {isa = PBXBuildFile; fileRef = 1CF811682BE3CF62009CC2DA /* Preview Assets.xcassets */; };
		1CF8116F2BE3CF62009CC2DA /* Assets.xcassets in Resources */ = {isa = PBXBuildFile; fileRef = 1CF8116A2BE3CF62009CC2DA /* Assets.xcassets */; };
		1CF811702BE3CF62009CC2DA /* ContentView.swift in Sources */ = {isa = PBXBuildFile; fileRef = 1CF8116B2BE3CF62009CC2DA /* ContentView.swift */; };
		1CF811712BE3CF62009CC2DA /* TimePotApp.swift in Sources */ = {isa = PBXBuildFile; fileRef = 1CF8116C2BE3CF62009CC2DA /* TimePotApp.swift */; };
		1CF811742BE3D0B8009CC2DA /* Localizable.xcstrings in Resources */ = {isa = PBXBuildFile; fileRef = 1CF811732BE3D0B8009CC2DA /* Localizable.xcstrings */; };
		1CF811782BE3D1D8009CC2DA /* LaunchScreen.storyboard in Resources */ = {isa = PBXBuildFile; fileRef = 1CF811772BE3D1D8009CC2DA /* LaunchScreen.storyboard */; };
		1CF8118C2BE3DBCC009CC2DA /* FileHeaderTest.swift in Sources */ = {isa = PBXBuildFile; fileRef = 1CF8118B2BE3DBCC009CC2DA /* FileHeaderTest.swift */; };
/* End PBXBuildFile section */

/* Begin PBXFileReference section */
		1C8A91DC2BE3CD3800A7F1BC /* TimePot.app */ = {isa = PBXFileReference; explicitFileType = wrapper.application; includeInIndex = 0; path = TimePot.app; sourceTree = BUILT_PRODUCTS_DIR; };
		1CB4B9562BEB73D20091E362 /* AppDelegate.swift */ = {isa = PBXFileReference; lastKnownFileType = sourcecode.swift; path = AppDelegate.swift; sourceTree = "<group>"; };
		1CF811682BE3CF62009CC2DA /* Preview Assets.xcassets */ = {isa = PBXFileReference; lastKnownFileType = folder.assetcatalog; path = "Preview Assets.xcassets"; sourceTree = "<group>"; };
		1CF8116A2BE3CF62009CC2DA /* Assets.xcassets */ = {isa = PBXFileReference; lastKnownFileType = folder.assetcatalog; path = Assets.xcassets; sourceTree = "<group>"; };
		1CF8116B2BE3CF62009CC2DA /* ContentView.swift */ = {isa = PBXFileReference; fileEncoding = 4; lastKnownFileType = sourcecode.swift; path = ContentView.swift; sourceTree = "<group>"; };
		1CF8116C2BE3CF62009CC2DA /* TimePotApp.swift */ = {isa = PBXFileReference; fileEncoding = 4; lastKnownFileType = sourcecode.swift; path = TimePotApp.swift; sourceTree = "<group>"; };
		1CF811732BE3D0B8009CC2DA /* Localizable.xcstrings */ = {isa = PBXFileReference; lastKnownFileType = text.json.xcstrings; path = Localizable.xcstrings; sourceTree = "<group>"; };
		1CF811752BE3D18B009CC2DA /* Info.plist */ = {isa = PBXFileReference; lastKnownFileType = text.plist.xml; path = Info.plist; sourceTree = "<group>"; };
		1CF811772BE3D1D8009CC2DA /* LaunchScreen.storyboard */ = {isa = PBXFileReference; lastKnownFileType = file.storyboard; path = LaunchScreen.storyboard; sourceTree = "<group>"; };
		1CF8118B2BE3DBCC009CC2DA /* FileHeaderTest.swift */ = {isa = PBXFileReference; lastKnownFileType = sourcecode.swift; path = FileHeaderTest.swift; sourceTree = "<group>"; };
/* End PBXFileReference section */

/* Begin PBXFrameworksBuildPhase section */
		1C8A91D92BE3CD3800A7F1BC /* Frameworks */ = {
			isa = PBXFrameworksBuildPhase;
			buildActionMask = 2147483647;
			files = (
			);
			runOnlyForDeploymentPostprocessing = 0;
		};
/* End PBXFrameworksBuildPhase section */

/* Begin PBXGroup section */
		1C8A91D32BE3CD3800A7F1BC = {
			isa = PBXGroup;
			children = (
				1CF8116D2BE3CF62009CC2DA /* TimePot */,
				1C8A91DD2BE3CD3800A7F1BC /* Products */,
			);
			sourceTree = "<group>";
		};
		1C8A91DD2BE3CD3800A7F1BC /* Products */ = {
			isa = PBXGroup;
			children = (
				1C8A91DC2BE3CD3800A7F1BC /* TimePot.app */,
			);
			name = Products;
			sourceTree = "<group>";
		};
		1CF811692BE3CF62009CC2DA /* Preview Content */ = {
			isa = PBXGroup;
			children = (
				1CF811682BE3CF62009CC2DA /* Preview Assets.xcassets */,
			);
			path = "Preview Content";
			sourceTree = "<group>";
		};
		1CF8116D2BE3CF62009CC2DA /* TimePot */ = {
			isa = PBXGroup;
			children = (
				1CF811792BE3D37F009CC2DA /* Sources */,
				1CF811722BE3CF73009CC2DA /* Resources */,
				1CF8117D2BE3D59D009CC2DA /* Supports */,
				1CF811882BE3DB8F009CC2DA /* UnitTests */,
			);
			path = TimePot;
			sourceTree = "<group>";
		};
		1CF811722BE3CF73009CC2DA /* Resources */ = {
			isa = PBXGroup;
			children = (
				1CF811692BE3CF62009CC2DA /* Preview Content */,
				1CF8116A2BE3CF62009CC2DA /* Assets.xcassets */,
				1CF811772BE3D1D8009CC2DA /* LaunchScreen.storyboard */,
			);
			path = Resources;
			sourceTree = "<group>";
		};
		1CF811792BE3D37F009CC2DA /* Sources */ = {
			isa = PBXGroup;
			children = (
				1CF8117E2BE3D5D5009CC2DA /* Application */,
				1CF8117F2BE3D5DE009CC2DA /* View */,
			);
			path = Sources;
			sourceTree = "<group>";
		};
		1CF8117D2BE3D59D009CC2DA /* Supports */ = {
			isa = PBXGroup;
			children = (
				1CF811732BE3D0B8009CC2DA /* Localizable.xcstrings */,
				1CF811752BE3D18B009CC2DA /* Info.plist */,
			);
			path = Supports;
			sourceTree = "<group>";
		};
		1CF8117E2BE3D5D5009CC2DA /* Application */ = {
			isa = PBXGroup;
			children = (
				1CF8116C2BE3CF62009CC2DA /* TimePotApp.swift */,
				1CB4B9562BEB73D20091E362 /* AppDelegate.swift */,
			);
			path = Application;
			sourceTree = "<group>";
		};
		1CF8117F2BE3D5DE009CC2DA /* View */ = {
			isa = PBXGroup;
			children = (
				1CF8116B2BE3CF62009CC2DA /* ContentView.swift */,
			);
			path = View;
			sourceTree = "<group>";
		};
		1CF811882BE3DB8F009CC2DA /* UnitTests */ = {
			isa = PBXGroup;
			children = (
				1CF8118B2BE3DBCC009CC2DA /* FileHeaderTest.swift */,
			);
			path = UnitTests;
			sourceTree = "<group>";
		};
/* End PBXGroup section */

/* Begin PBXNativeTarget section */
		1C8A91DB2BE3CD3800A7F1BC /* TimePot */ = {
			isa = PBXNativeTarget;
			buildConfigurationList = 1C8A91EA2BE3CD3900A7F1BC /* Build configuration list for PBXNativeTarget "TimePot" */;
			buildPhases = (
				1C8A91D82BE3CD3800A7F1BC /* Sources */,
				1C8A91D92BE3CD3800A7F1BC /* Frameworks */,
				1C8A91DA2BE3CD3800A7F1BC /* Resources */,
			);
			buildRules = (
			);
			dependencies = (
			);
			name = TimePot;
			productName = TimePot;
			productReference = 1C8A91DC2BE3CD3800A7F1BC /* TimePot.app */;
			productType = "com.apple.product-type.application";
		};
/* End PBXNativeTarget section */

/* Begin PBXProject section */
		1C8A91D42BE3CD3800A7F1BC /* Project object */ = {
			isa = PBXProject;
			attributes = {
				BuildIndependentTargetsInParallel = 1;
				LastSwiftUpdateCheck = 1530;
				LastUpgradeCheck = 1530;
				TargetAttributes = {
					1C8A91DB2BE3CD3800A7F1BC = {
						CreatedOnToolsVersion = 15.3;
					};
				};
			};
			buildConfigurationList = 1C8A91D72BE3CD3800A7F1BC /* Build configuration list for PBXProject "TimePot" */;
			compatibilityVersion = "Xcode 14.0";
			developmentRegion = en;
			hasScannedForEncodings = 0;
			knownRegions = (
				en,
				Base,
				ko,
				ja,
			);
			mainGroup = 1C8A91D32BE3CD3800A7F1BC;
			productRefGroup = 1C8A91DD2BE3CD3800A7F1BC /* Products */;
			projectDirPath = "";
			projectRoot = "";
			targets = (
				1C8A91DB2BE3CD3800A7F1BC /* TimePot */,
			);
		};
/* End PBXProject section */

/* Begin PBXResourcesBuildPhase section */
		1C8A91DA2BE3CD3800A7F1BC /* Resources */ = {
			isa = PBXResourcesBuildPhase;
			buildActionMask = 2147483647;
			files = (
				1CF8116E2BE3CF62009CC2DA /* Preview Assets.xcassets in Resources */,
				1CF8116F2BE3CF62009CC2DA /* Assets.xcassets in Resources */,
				1CF811782BE3D1D8009CC2DA /* LaunchScreen.storyboard in Resources */,
				1CF811742BE3D0B8009CC2DA /* Localizable.xcstrings in Resources */,
			);
			runOnlyForDeploymentPostprocessing = 0;
		};
/* End PBXResourcesBuildPhase section */

/* Begin PBXSourcesBuildPhase section */
		1C8A91D82BE3CD3800A7F1BC /* Sources */ = {
			isa = PBXSourcesBuildPhase;
			buildActionMask = 2147483647;
			files = (
				1CB4B9572BEB73D20091E362 /* AppDelegate.swift in Sources */,
				1CF8118C2BE3DBCC009CC2DA /* FileHeaderTest.swift in Sources */,
				1CF811712BE3CF62009CC2DA /* TimePotApp.swift in Sources */,
				1CF811702BE3CF62009CC2DA /* ContentView.swift in Sources */,
			);
			runOnlyForDeploymentPostprocessing = 0;
		};
/* End PBXSourcesBuildPhase section */

/* Begin XCBuildConfiguration section */
		1C8A91E82BE3CD3900A7F1BC /* Debug */ = {
			isa = XCBuildConfiguration;
			buildSettings = {
				ALWAYS_SEARCH_USER_PATHS = NO;
				ASSETCATALOG_COMPILER_GENERATE_SWIFT_ASSET_SYMBOL_EXTENSIONS = YES;
				CLANG_ANALYZER_NONNULL = YES;
				CLANG_ANALYZER_NUMBER_OBJECT_CONVERSION = YES_AGGRESSIVE;
				CLANG_CXX_LANGUAGE_STANDARD = "gnu++20";
				CLANG_ENABLE_MODULES = YES;
				CLANG_ENABLE_OBJC_ARC = YES;
				CLANG_ENABLE_OBJC_WEAK = YES;
				CLANG_WARN_BLOCK_CAPTURE_AUTORELEASING = YES;
				CLANG_WARN_BOOL_CONVERSION = YES;
				CLANG_WARN_COMMA = YES;
				CLANG_WARN_CONSTANT_CONVERSION = YES;
				CLANG_WARN_DEPRECATED_OBJC_IMPLEMENTATIONS = YES;
				CLANG_WARN_DIRECT_OBJC_ISA_USAGE = YES_ERROR;
				CLANG_WARN_DOCUMENTATION_COMMENTS = YES;
				CLANG_WARN_EMPTY_BODY = YES;
				CLANG_WARN_ENUM_CONVERSION = YES;
				CLANG_WARN_INFINITE_RECURSION = YES;
				CLANG_WARN_INT_CONVERSION = YES;
				CLANG_WARN_NON_LITERAL_NULL_CONVERSION = YES;
				CLANG_WARN_OBJC_IMPLICIT_RETAIN_SELF = YES;
				CLANG_WARN_OBJC_LITERAL_CONVERSION = YES;
				CLANG_WARN_OBJC_ROOT_CLASS = YES_ERROR;
				CLANG_WARN_QUOTED_INCLUDE_IN_FRAMEWORK_HEADER = YES;
				CLANG_WARN_RANGE_LOOP_ANALYSIS = YES;
				CLANG_WARN_STRICT_PROTOTYPES = YES;
				CLANG_WARN_SUSPICIOUS_MOVE = YES;
				CLANG_WARN_UNGUARDED_AVAILABILITY = YES_AGGRESSIVE;
				CLANG_WARN_UNREACHABLE_CODE = YES;
				CLANG_WARN__DUPLICATE_METHOD_MATCH = YES;
				COPY_PHASE_STRIP = NO;
				DEBUG_INFORMATION_FORMAT = dwarf;
				ENABLE_STRICT_OBJC_MSGSEND = YES;
				ENABLE_TESTABILITY = YES;
				ENABLE_USER_SCRIPT_SANDBOXING = YES;
				GCC_C_LANGUAGE_STANDARD = gnu17;
				GCC_DYNAMIC_NO_PIC = NO;
				GCC_NO_COMMON_BLOCKS = YES;
				GCC_OPTIMIZATION_LEVEL = 0;
				GCC_PREPROCESSOR_DEFINITIONS = (
					"DEBUG=1",
					"$(inherited)",
				);
				GCC_WARN_64_TO_32_BIT_CONVERSION = YES;
				GCC_WARN_ABOUT_RETURN_TYPE = YES_ERROR;
				GCC_WARN_UNDECLARED_SELECTOR = YES;
				GCC_WARN_UNINITIALIZED_AUTOS = YES_AGGRESSIVE;
				GCC_WARN_UNUSED_FUNCTION = YES;
				GCC_WARN_UNUSED_VARIABLE = YES;
				IPHONEOS_DEPLOYMENT_TARGET = 16.0;
				LOCALIZATION_PREFERS_STRING_CATALOGS = YES;
				MTL_ENABLE_DEBUG_INFO = INCLUDE_SOURCE;
				MTL_FAST_MATH = YES;
				ONLY_ACTIVE_ARCH = YES;
				SDKROOT = iphoneos;
				SWIFT_ACTIVE_COMPILATION_CONDITIONS = "DEBUG $(inherited)";
				SWIFT_OPTIMIZATION_LEVEL = "-Onone";
			};
			name = Debug;
		};
		1C8A91E92BE3CD3900A7F1BC /* Release */ = {
			isa = XCBuildConfiguration;
			buildSettings = {
				ALWAYS_SEARCH_USER_PATHS = NO;
				ASSETCATALOG_COMPILER_GENERATE_SWIFT_ASSET_SYMBOL_EXTENSIONS = YES;
				CLANG_ANALYZER_NONNULL = YES;
				CLANG_ANALYZER_NUMBER_OBJECT_CONVERSION = YES_AGGRESSIVE;
				CLANG_CXX_LANGUAGE_STANDARD = "gnu++20";
				CLANG_ENABLE_MODULES = YES;
				CLANG_ENABLE_OBJC_ARC = YES;
				CLANG_ENABLE_OBJC_WEAK = YES;
				CLANG_WARN_BLOCK_CAPTURE_AUTORELEASING = YES;
				CLANG_WARN_BOOL_CONVERSION = YES;
				CLANG_WARN_COMMA = YES;
				CLANG_WARN_CONSTANT_CONVERSION = YES;
				CLANG_WARN_DEPRECATED_OBJC_IMPLEMENTATIONS = YES;
				CLANG_WARN_DIRECT_OBJC_ISA_USAGE = YES_ERROR;
				CLANG_WARN_DOCUMENTATION_COMMENTS = YES;
				CLANG_WARN_EMPTY_BODY = YES;
				CLANG_WARN_ENUM_CONVERSION = YES;
				CLANG_WARN_INFINITE_RECURSION = YES;
				CLANG_WARN_INT_CONVERSION = YES;
				CLANG_WARN_NON_LITERAL_NULL_CONVERSION = YES;
				CLANG_WARN_OBJC_IMPLICIT_RETAIN_SELF = YES;
				CLANG_WARN_OBJC_LITERAL_CONVERSION = YES;
				CLANG_WARN_OBJC_ROOT_CLASS = YES_ERROR;
				CLANG_WARN_QUOTED_INCLUDE_IN_FRAMEWORK_HEADER = YES;
				CLANG_WARN_RANGE_LOOP_ANALYSIS = YES;
				CLANG_WARN_STRICT_PROTOTYPES = YES;
				CLANG_WARN_SUSPICIOUS_MOVE = YES;
				CLANG_WARN_UNGUARDED_AVAILABILITY = YES_AGGRESSIVE;
				CLANG_WARN_UNREACHABLE_CODE = YES;
				CLANG_WARN__DUPLICATE_METHOD_MATCH = YES;
				COPY_PHASE_STRIP = NO;
				DEBUG_INFORMATION_FORMAT = "dwarf-with-dsym";
				ENABLE_NS_ASSERTIONS = NO;
				ENABLE_STRICT_OBJC_MSGSEND = YES;
				ENABLE_USER_SCRIPT_SANDBOXING = YES;
				GCC_C_LANGUAGE_STANDARD = gnu17;
				GCC_NO_COMMON_BLOCKS = YES;
				GCC_WARN_64_TO_32_BIT_CONVERSION = YES;
				GCC_WARN_ABOUT_RETURN_TYPE = YES_ERROR;
				GCC_WARN_UNDECLARED_SELECTOR = YES;
				GCC_WARN_UNINITIALIZED_AUTOS = YES_AGGRESSIVE;
				GCC_WARN_UNUSED_FUNCTION = YES;
				GCC_WARN_UNUSED_VARIABLE = YES;
				IPHONEOS_DEPLOYMENT_TARGET = 16.0;
				LOCALIZATION_PREFERS_STRING_CATALOGS = YES;
				MTL_ENABLE_DEBUG_INFO = NO;
				MTL_FAST_MATH = YES;
				SDKROOT = iphoneos;
				SWIFT_COMPILATION_MODE = wholemodule;
				VALIDATE_PRODUCT = YES;
			};
			name = Release;
		};
		1C8A91EB2BE3CD3900A7F1BC /* Debug */ = {
			isa = XCBuildConfiguration;
			buildSettings = {
				ASSETCATALOG_COMPILER_APPICON_NAME = AppIcon;
				ASSETCATALOG_COMPILER_GLOBAL_ACCENT_COLOR_NAME = AccentColor;
				CODE_SIGN_STYLE = Automatic;
				CURRENT_PROJECT_VERSION = 1;
				DEVELOPMENT_ASSET_PATHS = "\"TimePot/Resources/Preview Content\"";
				DEVELOPMENT_TEAM = 4CLS27ED5N;
				ENABLE_PREVIEWS = YES;
				GENERATE_INFOPLIST_FILE = YES;
				INFOPLIST_FILE = TimePot/Supports/Info.plist;
				INFOPLIST_KEY_UIApplicationSceneManifest_Generation = YES;
				INFOPLIST_KEY_UIApplicationSupportsIndirectInputEvents = YES;
				INFOPLIST_KEY_UILaunchScreen_Generation = YES;
				INFOPLIST_KEY_UILaunchStoryboardName = LaunchScreen.storyboard;
				INFOPLIST_KEY_UISupportedInterfaceOrientations_iPad = "UIInterfaceOrientationPortrait UIInterfaceOrientationPortraitUpsideDown UIInterfaceOrientationLandscapeLeft UIInterfaceOrientationLandscapeRight";
				INFOPLIST_KEY_UISupportedInterfaceOrientations_iPhone = "UIInterfaceOrientationPortrait UIInterfaceOrientationLandscapeLeft UIInterfaceOrientationLandscapeRight";
				LD_RUNPATH_SEARCH_PATHS = (
					"$(inherited)",
					"@executable_path/Frameworks",
				);
				MARKETING_VERSION = 1.0;
				PRODUCT_BUNDLE_IDENTIFIER = com.yujinkim1.TimePot;
				PRODUCT_NAME = "$(TARGET_NAME)";
				SUPPORTED_PLATFORMS = "iphoneos iphonesimulator";
				SUPPORTS_MACCATALYST = NO;
				SUPPORTS_XR_DESIGNED_FOR_IPHONE_IPAD = NO;
				SWIFT_EMIT_LOC_STRINGS = YES;
				SWIFT_VERSION = 5.0;
				TARGETED_DEVICE_FAMILY = "1,2";
			};
			name = Debug;
		};
		1C8A91EC2BE3CD3900A7F1BC /* Release */ = {
			isa = XCBuildConfiguration;
			buildSettings = {
				ASSETCATALOG_COMPILER_APPICON_NAME = AppIcon;
				ASSETCATALOG_COMPILER_GLOBAL_ACCENT_COLOR_NAME = AccentColor;
				CODE_SIGN_STYLE = Automatic;
				CURRENT_PROJECT_VERSION = 1;
				DEVELOPMENT_ASSET_PATHS = "\"TimePot/Resources/Preview Content\"";
				DEVELOPMENT_TEAM = 4CLS27ED5N;
				ENABLE_PREVIEWS = YES;
				GENERATE_INFOPLIST_FILE = YES;
				INFOPLIST_FILE = TimePot/Supports/Info.plist;
				INFOPLIST_KEY_UIApplicationSceneManifest_Generation = YES;
				INFOPLIST_KEY_UIApplicationSupportsIndirectInputEvents = YES;
				INFOPLIST_KEY_UILaunchScreen_Generation = YES;
				INFOPLIST_KEY_UILaunchStoryboardName = LaunchScreen.storyboard;
				INFOPLIST_KEY_UISupportedInterfaceOrientations_iPad = "UIInterfaceOrientationPortrait UIInterfaceOrientationPortraitUpsideDown UIInterfaceOrientationLandscapeLeft UIInterfaceOrientationLandscapeRight";
				INFOPLIST_KEY_UISupportedInterfaceOrientations_iPhone = "UIInterfaceOrientationPortrait UIInterfaceOrientationLandscapeLeft UIInterfaceOrientationLandscapeRight";
				LD_RUNPATH_SEARCH_PATHS = (
					"$(inherited)",
					"@executable_path/Frameworks",
				);
				MARKETING_VERSION = 1.0;
				PRODUCT_BUNDLE_IDENTIFIER = com.yujinkim1.TimePot;
				PRODUCT_NAME = "$(TARGET_NAME)";
				SUPPORTED_PLATFORMS = "iphoneos iphonesimulator";
				SUPPORTS_MACCATALYST = NO;
				SUPPORTS_XR_DESIGNED_FOR_IPHONE_IPAD = NO;
				SWIFT_EMIT_LOC_STRINGS = YES;
				SWIFT_VERSION = 5.0;
				TARGETED_DEVICE_FAMILY = "1,2";
			};
			name = Release;
		};
/* End XCBuildConfiguration section */

/* Begin XCConfigurationList section */
		1C8A91D72BE3CD3800A7F1BC /* Build configuration list for PBXProject "TimePot" */ = {
			isa = XCConfigurationList;
			buildConfigurations = (
				1C8A91E82BE3CD3900A7F1BC /* Debug */,
				1C8A91E92BE3CD3900A7F1BC /* Release */,
			);
			defaultConfigurationIsVisible = 0;
			defaultConfigurationName = Release;
		};
		1C8A91EA2BE3CD3900A7F1BC /* Build configuration list for PBXNativeTarget "TimePot" */ = {
			isa = XCConfigurationList;
			buildConfigurations = (
				1C8A91EB2BE3CD3900A7F1BC /* Debug */,
				1C8A91EC2BE3CD3900A7F1BC /* Release */,
			);
			defaultConfigurationIsVisible = 0;
			defaultConfigurationName = Release;
		};
/* End XCConfigurationList section */
	};
	rootObject = 1C8A91D42BE3CD3800A7F1BC /* Project object */;
}
